{
    "version": 3,
    "terraform_version": "0.11.8",
    "serial": 10,
    "lineage": "53c0d658-265a-d8d4-adf1-472416d6b256",
    "modules": [
        {
            "path": [
                "root"
            ],
            "outputs": {},
            "resources": {},
            "depends_on": []
        },
        {
            "path": [
                "root",
                "ecs"
            ],
            "outputs": {
                "repository_url": {
                    "sensitive": false,
                    "type": "string",
                    "value": "122093380323.dkr.ecr.us-east-1.amazonaws.com/ciclic"
                },
                "service_name": {
                    "sensitive": false,
                    "type": "string",
                    "value": "ciclic"
                }
            },
            "resources": {
                "aws_alb.app_alb": {
                    "type": "aws_alb",
                    "depends_on": [],
                    "primary": {
                        "id": "arn:aws:elasticloadbalancing:us-east-1:122093380323:loadbalancer/app/ciclic-alb/f55436e6335d1e82",
                        "attributes": {
                            "access_logs.#": "0",
                            "arn": "arn:aws:elasticloadbalancing:us-east-1:122093380323:loadbalancer/app/ciclic-alb/f55436e6335d1e82",
                            "arn_suffix": "app/ciclic-alb/f55436e6335d1e82",
                            "dns_name": "ciclic-alb-508209996.us-east-1.elb.amazonaws.com",
                            "enable_deletion_protection": "false",
                            "enable_http2": "true",
                            "id": "arn:aws:elasticloadbalancing:us-east-1:122093380323:loadbalancer/app/ciclic-alb/f55436e6335d1e82",
                            "idle_timeout": "60",
                            "internal": "false",
                            "ip_address_type": "ipv4",
                            "load_balancer_type": "application",
                            "name": "ciclic-alb",
                            "security_groups.#": "2",
                            "security_groups.1351099730": "sg-0fc2d9097bee29922",
                            "security_groups.1473670921": "sg-0a154d0c1d8630039",
                            "subnet_mapping.#": "0",
                            "subnets.#": "2",
                            "subnets.1526880231": "subnet-0a5bc24760e09cc30",
                            "subnets.647796561": "subnet-0b0c348e686575334",
                            "tags.%": "2",
                            "tags.Environment": "ciclic",
                            "tags.Name": "ciclic-alb",
                            "vpc_id": "vpc-099a9b6b7f7b487a9",
                            "zone_id": "Z35SXDOTRQ7X7K"
                        },
                        "meta": {
                            "e2bfb730-ecaa-11e6-8f88-34363bc7c4c0": {
                                "create": 600000000000,
                                "delete": 600000000000,
                                "update": 600000000000
                            }
                        },
                        "tainted": false
                    },
                    "deposed": [],
                    "provider": "provider.aws"
                },
                "aws_alb_listener.web_app": {
                    "type": "aws_alb_listener",
                    "depends_on": [
                        "aws_alb.app_alb",
                        "aws_alb_target_group.api_target_group"
                    ],
                    "primary": {
                        "id": "arn:aws:elasticloadbalancing:us-east-1:122093380323:listener/app/ciclic-alb/f55436e6335d1e82/3cf4a4be511678d7",
                        "attributes": {
                            "arn": "arn:aws:elasticloadbalancing:us-east-1:122093380323:listener/app/ciclic-alb/f55436e6335d1e82/3cf4a4be511678d7",
                            "default_action.#": "1",
                            "default_action.0.fixed_response.#": "0",
                            "default_action.0.redirect.#": "0",
                            "default_action.0.target_group_arn": "arn:aws:elasticloadbalancing:us-east-1:122093380323:targetgroup/ciclic-alb-target-group/a3557d287cada92c",
                            "default_action.0.type": "forward",
                            "id": "arn:aws:elasticloadbalancing:us-east-1:122093380323:listener/app/ciclic-alb/f55436e6335d1e82/3cf4a4be511678d7",
                            "load_balancer_arn": "arn:aws:elasticloadbalancing:us-east-1:122093380323:loadbalancer/app/ciclic-alb/f55436e6335d1e82",
                            "port": "80",
                            "protocol": "HTTP",
                            "ssl_policy": ""
                        },
                        "meta": {},
                        "tainted": false
                    },
                    "deposed": [],
                    "provider": "provider.aws"
                },
                "aws_alb_target_group.api_target_group": {
                    "type": "aws_alb_target_group",
                    "depends_on": [
                        "aws_alb.app_alb"
                    ],
                    "primary": {
                        "id": "arn:aws:elasticloadbalancing:us-east-1:122093380323:targetgroup/ciclic-alb-target-group/a3557d287cada92c",
                        "attributes": {
                            "arn": "arn:aws:elasticloadbalancing:us-east-1:122093380323:targetgroup/ciclic-alb-target-group/a3557d287cada92c",
                            "arn_suffix": "targetgroup/ciclic-alb-target-group/a3557d287cada92c",
                            "deregistration_delay": "300",
                            "health_check.#": "1",
                            "health_check.0.healthy_threshold": "5",
                            "health_check.0.interval": "30",
                            "health_check.0.matcher": "200",
                            "health_check.0.path": "/",
                            "health_check.0.port": "traffic-port",
                            "health_check.0.protocol": "HTTP",
                            "health_check.0.timeout": "5",
                            "health_check.0.unhealthy_threshold": "2",
                            "id": "arn:aws:elasticloadbalancing:us-east-1:122093380323:targetgroup/ciclic-alb-target-group/a3557d287cada92c",
                            "name": "ciclic-alb-target-group",
                            "port": "80",
                            "protocol": "HTTP",
                            "proxy_protocol_v2": "false",
                            "slow_start": "0",
                            "stickiness.#": "1",
                            "stickiness.0.cookie_duration": "86400",
                            "stickiness.0.enabled": "false",
                            "stickiness.0.type": "lb_cookie",
                            "tags.%": "0",
                            "target_type": "ip",
                            "vpc_id": "vpc-099a9b6b7f7b487a9"
                        },
                        "meta": {},
                        "tainted": false
                    },
                    "deposed": [],
                    "provider": "provider.aws"
                },
                "aws_cloudwatch_log_group.web-app": {
                    "type": "aws_cloudwatch_log_group",
                    "depends_on": [],
                    "primary": {
                        "id": "ciclic-logs",
                        "attributes": {
                            "arn": "arn:aws:logs:us-east-1:122093380323:log-group:ciclic-logs:*",
                            "id": "ciclic-logs",
                            "kms_key_id": "",
                            "name": "ciclic-logs",
                            "retention_in_days": "0",
                            "tags.%": "1",
                            "tags.Application": "ciclic"
                        },
                        "meta": {},
                        "tainted": false
                    },
                    "deposed": [],
                    "provider": "provider.aws"
                },
                "aws_ecr_repository.web-app": {
                    "type": "aws_ecr_repository",
                    "depends_on": [],
                    "primary": {
                        "id": "ciclic",
                        "attributes": {
                            "arn": "arn:aws:ecr:us-east-1:122093380323:repository/ciclic",
                            "id": "ciclic",
                            "name": "ciclic",
                            "registry_id": "122093380323",
                            "repository_url": "122093380323.dkr.ecr.us-east-1.amazonaws.com/ciclic"
                        },
                        "meta": {},
                        "tainted": false
                    },
                    "deposed": [],
                    "provider": "provider.aws"
                },
                "aws_ecs_cluster.cluster": {
                    "type": "aws_ecs_cluster",
                    "depends_on": [],
                    "primary": {
                        "id": "arn:aws:ecs:us-east-1:122093380323:cluster/ciclic",
                        "attributes": {
                            "arn": "arn:aws:ecs:us-east-1:122093380323:cluster/ciclic",
                            "id": "arn:aws:ecs:us-east-1:122093380323:cluster/ciclic",
                            "name": "ciclic"
                        },
                        "meta": {},
                        "tainted": false
                    },
                    "deposed": [],
                    "provider": "provider.aws"
                },
                "aws_ecs_service.web-api": {
                    "type": "aws_ecs_service",
                    "depends_on": [
                        "aws_alb_target_group.api_target_group",
                        "aws_ecs_cluster.cluster",
                        "aws_ecs_task_definition.web-api",
                        "aws_iam_role_policy.ecs_service_role_policy"
                    ],
                    "primary": {
                        "id": "arn:aws:ecs:us-east-1:122093380323:service/ciclic",
                        "attributes": {
                            "cluster": "arn:aws:ecs:us-east-1:122093380323:cluster/ciclic",
                            "deployment_maximum_percent": "200",
                            "deployment_minimum_healthy_percent": "100",
                            "desired_count": "2",
                            "health_check_grace_period_seconds": "0",
                            "iam_role": "aws-service-role",
                            "id": "arn:aws:ecs:us-east-1:122093380323:service/ciclic",
                            "launch_type": "FARGATE",
                            "load_balancer.#": "1",
                            "load_balancer.294253451.container_name": "micro-api",
                            "load_balancer.294253451.container_port": "80",
                            "load_balancer.294253451.elb_name": "",
                            "load_balancer.294253451.target_group_arn": "arn:aws:elasticloadbalancing:us-east-1:122093380323:targetgroup/ciclic-alb-target-group/a3557d287cada92c",
                            "name": "ciclic",
                            "network_configuration.#": "1",
                            "network_configuration.0.assign_public_ip": "true",
                            "network_configuration.0.security_groups.#": "3",
                            "network_configuration.0.security_groups.1351099730": "sg-0fc2d9097bee29922",
                            "network_configuration.0.security_groups.1473670921": "sg-0a154d0c1d8630039",
                            "network_configuration.0.security_groups.896808454": "sg-04c2252ab1f03d530",
                            "network_configuration.0.subnets.#": "2",
                            "network_configuration.0.subnets.1526880231": "subnet-0a5bc24760e09cc30",
                            "network_configuration.0.subnets.647796561": "subnet-0b0c348e686575334",
                            "ordered_placement_strategy.#": "0",
                            "placement_constraints.#": "0",
                            "scheduling_strategy": "REPLICA",
                            "service_registries.#": "0",
                            "task_definition": "arn:aws:ecs:us-east-1:122093380323:task-definition/ciclic_app:2"
                        },
                        "meta": {},
                        "tainted": false
                    },
                    "deposed": [],
                    "provider": "provider.aws"
                },
                "aws_ecs_task_definition.web-api": {
                    "type": "aws_ecs_task_definition",
                    "depends_on": [
                        "aws_iam_role.ecs_execution_role",
                        "data.template_file.api_task"
                    ],
                    "primary": {
                        "id": "ciclic_app",
                        "attributes": {
                            "arn": "arn:aws:ecs:us-east-1:122093380323:task-definition/ciclic_app:2",
                            "container_definitions": "[{\"cpu\":256,\"environment\":[{\"name\":\"PORT\",\"value\":\"80\"},{\"name\":\"FOO\",\"value\":\"BAR\"}],\"essential\":true,\"image\":\"122093380323.dkr.ecr.us-east-1.amazonaws.com/ciclic\",\"logConfiguration\":{\"logDriver\":\"awslogs\",\"options\":{\"awslogs-group\":\"ciclic-logs\",\"awslogs-region\":\"us-east-1\",\"awslogs-stream-prefix\":\"micro-api\"}},\"memory\":512,\"mountPoints\":[],\"name\":\"micro-api\",\"portMappings\":[{\"containerPort\":80,\"hostPort\":80,\"protocol\":\"tcp\"}],\"volumesFrom\":[]}]",
                            "cpu": "256",
                            "execution_role_arn": "arn:aws:iam::122093380323:role/ecs_task_execution_role",
                            "family": "ciclic_app",
                            "id": "ciclic_app",
                            "memory": "512",
                            "network_mode": "awsvpc",
                            "placement_constraints.#": "0",
                            "requires_compatibilities.#": "1",
                            "requires_compatibilities.3072437307": "FARGATE",
                            "revision": "2",
                            "task_role_arn": "arn:aws:iam::122093380323:role/ecs_task_execution_role",
                            "volume.#": "0"
                        },
                        "meta": {
                            "schema_version": "1"
                        },
                        "tainted": false
                    },
                    "deposed": [],
                    "provider": "provider.aws"
                },
                "aws_iam_role.ecs_execution_role": {
                    "type": "aws_iam_role",
                    "depends_on": [],
                    "primary": {
                        "id": "ecs_task_execution_role",
                        "attributes": {
                            "arn": "arn:aws:iam::122093380323:role/ecs_task_execution_role",
                            "assume_role_policy": "{\"Version\":\"2012-10-17\",\"Statement\":[{\"Sid\":\"\",\"Effect\":\"Allow\",\"Principal\":{\"Service\":\"ecs-tasks.amazonaws.com\"},\"Action\":\"sts:AssumeRole\"}]}",
                            "create_date": "2018-09-25T13:59:00Z",
                            "description": "",
                            "force_detach_policies": "false",
                            "id": "ecs_task_execution_role",
                            "max_session_duration": "3600",
                            "name": "ecs_task_execution_role",
                            "path": "/",
                            "unique_id": "AROAIT5VLKPPCIQ3AXTHU"
                        },
                        "meta": {},
                        "tainted": false
                    },
                    "deposed": [],
                    "provider": "provider.aws"
                },
                "aws_iam_role.ecs_role": {
                    "type": "aws_iam_role",
                    "depends_on": [
                        "data.aws_iam_policy_document.ecs_service_role"
                    ],
                    "primary": {
                        "id": "ecs_role",
                        "attributes": {
                            "arn": "arn:aws:iam::122093380323:role/ecs_role",
                            "assume_role_policy": "{\"Version\":\"2012-10-17\",\"Statement\":[{\"Sid\":\"\",\"Effect\":\"Allow\",\"Principal\":{\"Service\":\"ecs.amazonaws.com\"},\"Action\":\"sts:AssumeRole\"}]}",
                            "create_date": "2018-09-25T13:58:59Z",
                            "description": "",
                            "force_detach_policies": "false",
                            "id": "ecs_role",
                            "max_session_duration": "3600",
                            "name": "ecs_role",
                            "path": "/",
                            "unique_id": "AROAIZSXCN6JOK3YJUIUS"
                        },
                        "meta": {},
                        "tainted": false
                    },
                    "deposed": [],
                    "provider": "provider.aws"
                },
                "aws_iam_role_policy.ecs_execution_role_policy": {
                    "type": "aws_iam_role_policy",
                    "depends_on": [
                        "aws_iam_role.ecs_execution_role"
                    ],
                    "primary": {
                        "id": "ecs_task_execution_role:ecs_execution_role_policy",
                        "attributes": {
                            "id": "ecs_task_execution_role:ecs_execution_role_policy",
                            "name": "ecs_execution_role_policy",
                            "policy": "{\n    \"Version\": \"2012-10-17\",\n    \"Statement\": [\n      {\n        \"Effect\": \"Allow\",\n        \"Action\": [\n          \"ecr:GetAuthorizationToken\",\n          \"ecr:BatchCheckLayerAvailability\",\n          \"ecr:GetDownloadUrlForLayer\",\n          \"ecr:BatchGetImage\",\n          \"logs:CreateLogStream\",\n          \"logs:PutLogEvents\"\n        ],\n        \"Resource\": \"*\"\n      }\n    ]\n  }",
                            "role": "ecs_task_execution_role"
                        },
                        "meta": {},
                        "tainted": false
                    },
                    "deposed": [],
                    "provider": "provider.aws"
                },
                "aws_iam_role_policy.ecs_service_role_policy": {
                    "type": "aws_iam_role_policy",
                    "depends_on": [
                        "aws_iam_role.ecs_role",
                        "data.aws_iam_policy_document.ecs_service_policy"
                    ],
                    "primary": {
                        "id": "ecs_role:ecs_service_role_policy",
                        "attributes": {
                            "id": "ecs_role:ecs_service_role_policy",
                            "name": "ecs_service_role_policy",
                            "policy": "{\n  \"Version\": \"2012-10-17\",\n  \"Statement\": [\n    {\n      \"Sid\": \"\",\n      \"Effect\": \"Allow\",\n      \"Action\": [\n        \"elasticloadbalancing:RegisterInstancesWithLoadBalancer\",\n        \"elasticloadbalancing:Describe*\",\n        \"elasticloadbalancing:DeregisterInstancesFromLoadBalancer\",\n        \"ec2:Describe*\",\n        \"ec2:AuthorizeSecurityGroupIngress\"\n      ],\n      \"Resource\": \"*\"\n    }\n  ]\n}",
                            "role": "ecs_role"
                        },
                        "meta": {},
                        "tainted": false
                    },
                    "deposed": [],
                    "provider": "provider.aws"
                },
                "data.aws_iam_policy_document.ecs_service_policy": {
                    "type": "aws_iam_policy_document",
                    "depends_on": [],
                    "primary": {
                        "id": "3615693260",
                        "attributes": {
                            "id": "3615693260",
                            "json": "{\n  \"Version\": \"2012-10-17\",\n  \"Statement\": [\n    {\n      \"Sid\": \"\",\n      \"Effect\": \"Allow\",\n      \"Action\": [\n        \"elasticloadbalancing:RegisterInstancesWithLoadBalancer\",\n        \"elasticloadbalancing:Describe*\",\n        \"elasticloadbalancing:DeregisterInstancesFromLoadBalancer\",\n        \"ec2:Describe*\",\n        \"ec2:AuthorizeSecurityGroupIngress\"\n      ],\n      \"Resource\": \"*\"\n    }\n  ]\n}",
                            "statement.#": "1",
                            "statement.0.actions.#": "5",
                            "statement.0.actions.2459212947": "ec2:Describe*",
                            "statement.0.actions.2464853358": "ec2:AuthorizeSecurityGroupIngress",
                            "statement.0.actions.2706807274": "elasticloadbalancing:DeregisterInstancesFromLoadBalancer",
                            "statement.0.actions.2747799858": "elasticloadbalancing:Describe*",
                            "statement.0.actions.982461153": "elasticloadbalancing:RegisterInstancesWithLoadBalancer",
                            "statement.0.condition.#": "0",
                            "statement.0.effect": "Allow",
                            "statement.0.not_actions.#": "0",
                            "statement.0.not_principals.#": "0",
                            "statement.0.not_resources.#": "0",
                            "statement.0.principals.#": "0",
                            "statement.0.resources.#": "1",
                            "statement.0.resources.2679715827": "*",
                            "statement.0.sid": ""
                        },
                        "meta": {},
                        "tainted": false
                    },
                    "deposed": [],
                    "provider": "provider.aws"
                },
                "data.aws_iam_policy_document.ecs_service_role": {
                    "type": "aws_iam_policy_document",
                    "depends_on": [],
                    "primary": {
                        "id": "3622649364",
                        "attributes": {
                            "id": "3622649364",
                            "json": "{\n  \"Version\": \"2012-10-17\",\n  \"Statement\": [\n    {\n      \"Sid\": \"\",\n      \"Effect\": \"Allow\",\n      \"Action\": \"sts:AssumeRole\",\n      \"Principal\": {\n        \"Service\": \"ecs.amazonaws.com\"\n      }\n    }\n  ]\n}",
                            "statement.#": "1",
                            "statement.0.actions.#": "1",
                            "statement.0.actions.2528466339": "sts:AssumeRole",
                            "statement.0.condition.#": "0",
                            "statement.0.effect": "Allow",
                            "statement.0.not_actions.#": "0",
                            "statement.0.not_principals.#": "0",
                            "statement.0.not_resources.#": "0",
                            "statement.0.principals.#": "1",
                            "statement.0.principals.1113412664.identifiers.#": "1",
                            "statement.0.principals.1113412664.identifiers.1509832800": "ecs.amazonaws.com",
                            "statement.0.principals.1113412664.type": "Service",
                            "statement.0.resources.#": "0",
                            "statement.0.sid": ""
                        },
                        "meta": {},
                        "tainted": false
                    },
                    "deposed": [],
                    "provider": "provider.aws"
                },
                "data.template_file.api_task": {
                    "type": "template_file",
                    "depends_on": [
                        "aws_cloudwatch_log_group.web-app",
                        "aws_ecr_repository.web-app"
                    ],
                    "primary": {
                        "id": "5a4aac217f55fefa067df6061417c61321fb5efac1b438850001b5e0d96d6f2a",
                        "attributes": {
                            "id": "5a4aac217f55fefa067df6061417c61321fb5efac1b438850001b5e0d96d6f2a",
                            "rendered": "[\n    {\n      \"name\": \"micro-api\",\n      \"image\": \"122093380323.dkr.ecr.us-east-1.amazonaws.com/ciclic\",\n      \"portMappings\": [\n        {\n          \"containerPort\": 80,\n          \"hostPort\": 80\n        }\n      ],\n      \"cpu\": 256,\n      \"memory\": 512,\n      \"networkMode\": \"awsvpc\",\n      \"essential\": true,\n      \"logConfiguration\": {\n        \"logDriver\": \"awslogs\",\n        \"options\": {\n          \"awslogs-group\": \"ciclic-logs\",\n          \"awslogs-region\": \"us-east-1\",\n          \"awslogs-stream-prefix\": \"micro-api\"\n        }\n      },\n      \"environment\": [\n        {\n          \"name\": \"FOO\",\n          \"value\": \"BAR\"\n        },\n        {\n          \"name\" : \"PORT\",\n          \"value\": \"80\"\n        }\n      ]\n    }\n  ]",
                            "template": "[\n    {\n      \"name\": \"${container_name}\",\n      \"image\": \"${image}\",\n      \"portMappings\": [\n        {\n          \"containerPort\": ${container_port},\n          \"hostPort\": ${container_port}\n        }\n      ],\n      \"cpu\": ${desired_task_cpu},\n      \"memory\": ${desired_task_memory},\n      \"networkMode\": \"awsvpc\",\n      \"essential\": true,\n      \"logConfiguration\": {\n        \"logDriver\": \"awslogs\",\n        \"options\": {\n          \"awslogs-group\": \"${log_group}\",\n          \"awslogs-region\": \"us-east-1\",\n          \"awslogs-stream-prefix\": \"${container_name}\"\n        }\n      },\n      \"environment\": [\n        {\n          \"name\": \"FOO\",\n          \"value\": \"BAR\"\n        },\n        {\n          \"name\" : \"PORT\",\n          \"value\": \"${container_port}\"\n        }\n      ]\n    }\n  ]",
                            "vars.%": "6",
                            "vars.container_name": "micro-api",
                            "vars.container_port": "80",
                            "vars.desired_task_cpu": "256",
                            "vars.desired_task_memory": "512",
                            "vars.image": "122093380323.dkr.ecr.us-east-1.amazonaws.com/ciclic",
                            "vars.log_group": "ciclic-logs"
                        },
                        "meta": {},
                        "tainted": false
                    },
                    "deposed": [],
                    "provider": "provider.template"
                }
            },
            "depends_on": []
        },
        {
            "path": [
                "root",
                "pipeline"
            ],
            "outputs": {},
            "resources": {
                "aws_codebuild_project.app_build": {
                    "type": "aws_codebuild_project",
                    "depends_on": [
                        "aws_iam_role.codebuild_role",
                        "data.template_file.buildspec"
                    ],
                    "primary": {
                        "id": "arn:aws:codebuild:us-east-1:122093380323:project/ciclic-codebuild",
                        "attributes": {
                            "artifacts.#": "1",
                            "artifacts.2731293239.encryption_disabled": "false",
                            "artifacts.2731293239.location": "",
                            "artifacts.2731293239.name": "ciclic-codebuild",
                            "artifacts.2731293239.namespace_type": "",
                            "artifacts.2731293239.packaging": "NONE",
                            "artifacts.2731293239.path": "",
                            "artifacts.2731293239.type": "CODEPIPELINE",
                            "badge_enabled": "false",
                            "badge_url": "",
                            "build_timeout": "60",
                            "cache.#": "1",
                            "cache.0.location": "",
                            "cache.0.type": "NO_CACHE",
                            "description": "",
                            "encryption_key": "arn:aws:kms:us-east-1:122093380323:alias/aws/s3",
                            "environment.#": "1",
                            "environment.3257002406.compute_type": "BUILD_GENERAL1_SMALL",
                            "environment.3257002406.environment_variable.#": "0",
                            "environment.3257002406.image": "aws/codebuild/docker:17.09.0",
                            "environment.3257002406.privileged_mode": "true",
                            "environment.3257002406.type": "LINUX_CONTAINER",
                            "id": "arn:aws:codebuild:us-east-1:122093380323:project/ciclic-codebuild",
                            "name": "ciclic-codebuild",
                            "service_role": "arn:aws:iam::122093380323:role/codebuild-role",
                            "source.#": "1",
                            "source.2347778324.auth.#": "0",
                            "source.2347778324.buildspec": "version: 0.2\n\nphases:\n  pre_build:\n    commands:\n      - pip install awscli --upgrade --user\n      - echo `aws --version`\n      - echo Installing Node 8\n      - curl -sL https://deb.nodesource.com/setup_8.x | sudo -E bash -\n      - apt-get install -y nodejs  \n      - echo Logging in to Amazon ECR...\n      - $(aws ecr get-login --region us-east-1 --no-include-email)\n      - REPOSITORY_URI=122093380323.dkr.ecr.us-east-1.amazonaws.com/ciclic\n      - IMAGE_TAG=$(echo $CODEBUILD_RESOLVED_SOURCE_VERSION | cut -c 1-7)\n      - echo Entered the pre_build phase...\n      - npm install\n  build:\n    commands:\n      - echo Build started on `date`\n      - echo Starting Unit Tests\n      - npm run unit-test\n      - echo Building the Docker image...\n      - docker build -t $REPOSITORY_URI:latest .\n      - docker tag $REPOSITORY_URI:latest $REPOSITORY_URI:$IMAGE_TAG\n  post_build:\n    commands:\n      - echo Build completed on `date`\n      - echo Pushing the Docker images...\n      - docker push $REPOSITORY_URI:latest\n      - docker push $REPOSITORY_URI:$IMAGE_TAG\n      - echo Writing image definitions file...\n      - printf '[{\"name\":\"micro-api\",\"imageUri\":\"%s\"}]' $REPOSITORY_URI:$IMAGE_TAG \u003e imagedefinitions.json\n    \nartifacts:\n  files: imagedefinitions.json\n",
                            "source.2347778324.git_clone_depth": "0",
                            "source.2347778324.insecure_ssl": "false",
                            "source.2347778324.location": "",
                            "source.2347778324.report_build_status": "false",
                            "source.2347778324.type": "CODEPIPELINE",
                            "tags.%": "0",
                            "vpc_config.#": "0"
                        },
                        "meta": {},
                        "tainted": false
                    },
                    "deposed": [],
                    "provider": "provider.aws"
                },
                "aws_codepipeline.pipeline": {
                    "type": "aws_codepipeline",
                    "depends_on": [
                        "aws_iam_role.codepipeline_role",
                        "aws_s3_bucket.source"
                    ],
                    "primary": {
                        "id": "ciclic-pipeline",
                        "attributes": {
                            "arn": "arn:aws:codepipeline:us-east-1:122093380323:ciclic-pipeline",
                            "artifact_store.#": "1",
                            "artifact_store.0.encryption_key.#": "0",
                            "artifact_store.0.location": "ciclic-pipeline",
                            "artifact_store.0.type": "S3",
                            "id": "ciclic-pipeline",
                            "name": "ciclic-pipeline",
                            "role_arn": "arn:aws:iam::122093380323:role/codepipeline-role",
                            "stage.#": "3",
                            "stage.0.action.#": "1",
                            "stage.0.action.0.category": "Source",
                            "stage.0.action.0.configuration.%": "3",
                            "stage.0.action.0.configuration.Branch": "master",
                            "stage.0.action.0.configuration.Owner": "rafabiela",
                            "stage.0.action.0.configuration.Repo": "teste-ciclic-app",
                            "stage.0.action.0.input_artifacts.#": "0",
                            "stage.0.action.0.name": "Source",
                            "stage.0.action.0.output_artifacts.#": "1",
                            "stage.0.action.0.output_artifacts.0": "source",
                            "stage.0.action.0.owner": "ThirdParty",
                            "stage.0.action.0.provider": "GitHub",
                            "stage.0.action.0.role_arn": "",
                            "stage.0.action.0.run_order": "1",
                            "stage.0.action.0.version": "1",
                            "stage.0.name": "Source",
                            "stage.1.action.#": "1",
                            "stage.1.action.0.category": "Build",
                            "stage.1.action.0.configuration.%": "1",
                            "stage.1.action.0.configuration.ProjectName": "ciclic-codebuild",
                            "stage.1.action.0.input_artifacts.#": "1",
                            "stage.1.action.0.input_artifacts.0": "source",
                            "stage.1.action.0.name": "Build",
                            "stage.1.action.0.output_artifacts.#": "1",
                            "stage.1.action.0.output_artifacts.0": "imagedefinitions",
                            "stage.1.action.0.owner": "AWS",
                            "stage.1.action.0.provider": "CodeBuild",
                            "stage.1.action.0.role_arn": "",
                            "stage.1.action.0.run_order": "1",
                            "stage.1.action.0.version": "1",
                            "stage.1.name": "Build",
                            "stage.2.action.#": "1",
                            "stage.2.action.0.category": "Deploy",
                            "stage.2.action.0.configuration.%": "3",
                            "stage.2.action.0.configuration.ClusterName": "ciclic",
                            "stage.2.action.0.configuration.FileName": "imagedefinitions.json",
                            "stage.2.action.0.configuration.ServiceName": "ciclic",
                            "stage.2.action.0.input_artifacts.#": "1",
                            "stage.2.action.0.input_artifacts.0": "imagedefinitions",
                            "stage.2.action.0.name": "Deploy",
                            "stage.2.action.0.output_artifacts.#": "0",
                            "stage.2.action.0.owner": "AWS",
                            "stage.2.action.0.provider": "ECS",
                            "stage.2.action.0.role_arn": "",
                            "stage.2.action.0.run_order": "1",
                            "stage.2.action.0.version": "1",
                            "stage.2.name": "Production"
                        },
                        "meta": {},
                        "tainted": false
                    },
                    "deposed": [],
                    "provider": "provider.aws"
                },
                "aws_iam_role.codebuild_role": {
                    "type": "aws_iam_role",
                    "depends_on": [],
                    "primary": {
                        "id": "codebuild-role",
                        "attributes": {
                            "arn": "arn:aws:iam::122093380323:role/codebuild-role",
                            "assume_role_policy": "{\"Version\":\"2012-10-17\",\"Statement\":[{\"Effect\":\"Allow\",\"Principal\":{\"Service\":\"codebuild.amazonaws.com\"},\"Action\":\"sts:AssumeRole\"}]}",
                            "create_date": "2018-09-25T13:59:00Z",
                            "description": "",
                            "force_detach_policies": "false",
                            "id": "codebuild-role",
                            "max_session_duration": "3600",
                            "name": "codebuild-role",
                            "path": "/",
                            "unique_id": "AROAJKWEFRYGAWSDZS77O"
                        },
                        "meta": {},
                        "tainted": false
                    },
                    "deposed": [],
                    "provider": "provider.aws"
                },
                "aws_iam_role.codepipeline_role": {
                    "type": "aws_iam_role",
                    "depends_on": [],
                    "primary": {
                        "id": "codepipeline-role",
                        "attributes": {
                            "arn": "arn:aws:iam::122093380323:role/codepipeline-role",
                            "assume_role_policy": "{\"Version\":\"2012-10-17\",\"Statement\":[{\"Effect\":\"Allow\",\"Principal\":{\"Service\":\"codepipeline.amazonaws.com\"},\"Action\":\"sts:AssumeRole\"}]}",
                            "create_date": "2018-09-25T13:58:59Z",
                            "description": "",
                            "force_detach_policies": "false",
                            "id": "codepipeline-role",
                            "max_session_duration": "3600",
                            "name": "codepipeline-role",
                            "path": "/",
                            "unique_id": "AROAJRQWL6NKP5OJMR7IC"
                        },
                        "meta": {},
                        "tainted": false
                    },
                    "deposed": [],
                    "provider": "provider.aws"
                },
                "aws_iam_role_policy.codebuild_policy": {
                    "type": "aws_iam_role_policy",
                    "depends_on": [
                        "aws_iam_role.codebuild_role",
                        "data.template_file.codebuild_policy"
                    ],
                    "primary": {
                        "id": "codebuild-role:codebuild-policy",
                        "attributes": {
                            "id": "codebuild-role:codebuild-policy",
                            "name": "codebuild-policy",
                            "policy": "{\n    \"Version\": \"2012-10-17\",\n    \"Statement\": [\n      {\n        \"Effect\": \"Allow\",\n        \"Resource\": [\n          \"*\"\n        ],\n        \"Action\": [\n          \"logs:CreateLogGroup\",\n          \"logs:CreateLogStream\",\n          \"logs:PutLogEvents\",\n          \"ecr:GetAuthorizationToken\",\n          \"ecr:InitiateLayerUpload\",\n          \"ecr:UploadLayerPart\",\n          \"ecr:CompleteLayerUpload\",\n          \"ecr:BatchCheckLayerAvailability\",\n          \"ecr:PutImage\",\n          \"ecs:RunTask\",\n          \"iam:PassRole\"\n        ]\n      },\n      {\n        \"Effect\":\"Allow\",\n        \"Action\": [\n          \"s3:GetObject\",\n          \"s3:GetObjectVersion\",\n          \"s3:GetBucketVersioning\",\n          \"s3:List*\",\n          \"s3:PutObject\"\n        ],\n        \"Resource\": [\n          \"arn:aws:s3:::ciclic-pipeline\",\n          \"arn:aws:s3:::ciclic-pipeline/*\"\n        ]\n      }\n    ]\n  }",
                            "role": "codebuild-role"
                        },
                        "meta": {},
                        "tainted": false
                    },
                    "deposed": [],
                    "provider": "provider.aws"
                },
                "aws_iam_role_policy.codepipeline_policy": {
                    "type": "aws_iam_role_policy",
                    "depends_on": [
                        "aws_iam_role.codepipeline_role",
                        "data.template_file.codepipeline_policy"
                    ],
                    "primary": {
                        "id": "codepipeline-role:codepipeline_policy",
                        "attributes": {
                            "id": "codepipeline-role:codepipeline_policy",
                            "name": "codepipeline_policy",
                            "policy": "{\n    \"Version\": \"2012-10-17\",\n    \"Statement\": [\n      {\n        \"Effect\":\"Allow\",\n        \"Action\": [\n          \"s3:GetObject\",\n          \"s3:GetObjectVersion\",\n          \"s3:GetBucketVersioning\",\n          \"s3:List*\",\n          \"s3:PutObject\"\n        ],\n        \"Resource\": [\n          \"arn:aws:s3:::ciclic-pipeline\",\n          \"arn:aws:s3:::ciclic-pipeline/*\"\n        ]\n      },\n      {\n        \"Effect\": \"Allow\",\n        \"Action\": [\n          \"codebuild:BatchGetBuilds\",\n          \"codebuild:StartBuild\"\n        ],\n        \"Resource\": \"*\"\n      },\n      {\n        \"Action\": [\n          \"ecs:*\",\n          \"events:DescribeRule\",\n          \"events:DeleteRule\",\n          \"events:ListRuleNamesByTarget\",\n          \"events:ListTargetsByRule\",\n          \"events:PutRule\",\n          \"events:PutTargets\",\n          \"events:RemoveTargets\",\n          \"iam:ListAttachedRolePolicies\",\n          \"iam:ListInstanceProfiles\",\n          \"iam:ListRoles\",\n          \"logs:CreateLogGroup\",\n          \"logs:DescribeLogGroups\",\n          \"logs:FilterLogEvents\"\n        ],\n        \"Resource\": \"*\",\n        \"Effect\": \"Allow\"\n      },\n      {\n        \"Action\": \"iam:PassRole\",\n        \"Effect\": \"Allow\",\n        \"Resource\": [\n          \"*\"\n        ],\n        \"Condition\": {\n          \"StringLike\": {\n            \"iam:PassedToService\": \"ecs-tasks.amazonaws.com\"\n          }\n        }\n      },\n      {\n        \"Action\": \"iam:PassRole\",\n        \"Effect\": \"Allow\",\n        \"Resource\": [\n          \"arn:aws:iam::*:role/ecsInstanceRole*\"\n        ],\n        \"Condition\": {\n          \"StringLike\": {\n            \"iam:PassedToService\": [\n              \"ec2.amazonaws.com\",\n              \"ec2.amazonaws.com.cn\"\n            ]\n          }\n        }\n      },\n      {\n        \"Action\": \"iam:PassRole\",\n        \"Effect\": \"Allow\",\n        \"Resource\": [\n          \"arn:aws:iam::*:role/ecsAutoscaleRole*\"\n        ],\n        \"Condition\": {\n          \"StringLike\": {\n            \"iam:PassedToService\": [\n              \"application-autoscaling.amazonaws.com\",\n              \"application-autoscaling.amazonaws.com.cn\"\n            ]\n          }\n        }\n      },\n      {\n        \"Effect\": \"Allow\",\n        \"Action\": \"iam:CreateServiceLinkedRole\",\n        \"Resource\": \"*\",\n        \"Condition\": {\n          \"StringLike\": {\n            \"iam:AWSServiceName\": [\n              \"ecs.amazonaws.com\",\n              \"spot.amazonaws.com\",\n              \"spotfleet.amazonaws.com\"\n            ]\n          }\n        }\n      }\n    ]\n  }",
                            "role": "codepipeline-role"
                        },
                        "meta": {},
                        "tainted": false
                    },
                    "deposed": [],
                    "provider": "provider.aws"
                },
                "aws_s3_bucket.source": {
                    "type": "aws_s3_bucket",
                    "depends_on": [],
                    "primary": {
                        "id": "ciclic-pipeline",
                        "attributes": {
                            "acceleration_status": "",
                            "acl": "private",
                            "arn": "arn:aws:s3:::ciclic-pipeline",
                            "bucket": "ciclic-pipeline",
                            "bucket_domain_name": "ciclic-pipeline.s3.amazonaws.com",
                            "bucket_regional_domain_name": "ciclic-pipeline.s3.amazonaws.com",
                            "cors_rule.#": "0",
                            "force_destroy": "true",
                            "hosted_zone_id": "Z3AQBSTGFYJSTF",
                            "id": "ciclic-pipeline",
                            "lifecycle_rule.#": "0",
                            "logging.#": "0",
                            "region": "us-east-1",
                            "replication_configuration.#": "0",
                            "request_payer": "BucketOwner",
                            "server_side_encryption_configuration.#": "0",
                            "tags.%": "0",
                            "versioning.#": "1",
                            "versioning.0.enabled": "false",
                            "versioning.0.mfa_delete": "false",
                            "website.#": "0"
                        },
                        "meta": {},
                        "tainted": false
                    },
                    "deposed": [],
                    "provider": "provider.aws"
                },
                "data.template_file.buildspec": {
                    "type": "template_file",
                    "depends_on": [],
                    "primary": {
                        "id": "8d2b1eff0cb8befba443f7398122f6fb9e28b97ba958b5195ea5d047a797e09f",
                        "attributes": {
                            "id": "8d2b1eff0cb8befba443f7398122f6fb9e28b97ba958b5195ea5d047a797e09f",
                            "rendered": "version: 0.2\n\nphases:\n  pre_build:\n    commands:\n      - pip install awscli --upgrade --user\n      - echo `aws --version`\n      - echo Installing Node 8\n      - curl -sL https://deb.nodesource.com/setup_8.x | sudo -E bash -\n      - apt-get install -y nodejs  \n      - echo Logging in to Amazon ECR...\n      - $(aws ecr get-login --region us-east-1 --no-include-email)\n      - REPOSITORY_URI=122093380323.dkr.ecr.us-east-1.amazonaws.com/ciclic\n      - IMAGE_TAG=$(echo $CODEBUILD_RESOLVED_SOURCE_VERSION | cut -c 1-7)\n      - echo Entered the pre_build phase...\n      - npm install\n  build:\n    commands:\n      - echo Build started on `date`\n      - echo Starting Unit Tests\n      - npm run unit-test\n      - echo Building the Docker image...\n      - docker build -t $REPOSITORY_URI:latest .\n      - docker tag $REPOSITORY_URI:latest $REPOSITORY_URI:$IMAGE_TAG\n  post_build:\n    commands:\n      - echo Build completed on `date`\n      - echo Pushing the Docker images...\n      - docker push $REPOSITORY_URI:latest\n      - docker push $REPOSITORY_URI:$IMAGE_TAG\n      - echo Writing image definitions file...\n      - printf '[{\"name\":\"micro-api\",\"imageUri\":\"%s\"}]' $REPOSITORY_URI:$IMAGE_TAG \u003e imagedefinitions.json\n    \nartifacts:\n  files: imagedefinitions.json\n",
                            "template": "version: 0.2\n\nphases:\n  pre_build:\n    commands:\n      - pip install awscli --upgrade --user\n      - echo `aws --version`\n      - echo Installing Node 8\n      - curl -sL https://deb.nodesource.com/setup_8.x | sudo -E bash -\n      - apt-get install -y nodejs  \n      - echo Logging in to Amazon ECR...\n      - $(aws ecr get-login --region ${region} --no-include-email)\n      - REPOSITORY_URI=${repository_url}\n      - IMAGE_TAG=$(echo $CODEBUILD_RESOLVED_SOURCE_VERSION | cut -c 1-7)\n      - echo Entered the pre_build phase...\n      - npm install\n  build:\n    commands:\n      - echo Build started on `date`\n      - echo Starting Unit Tests\n      - npm run unit-test\n      - echo Building the Docker image...\n      - docker build -t $REPOSITORY_URI:latest .\n      - docker tag $REPOSITORY_URI:latest $REPOSITORY_URI:$IMAGE_TAG\n  post_build:\n    commands:\n      - echo Build completed on `date`\n      - echo Pushing the Docker images...\n      - docker push $REPOSITORY_URI:latest\n      - docker push $REPOSITORY_URI:$IMAGE_TAG\n      - echo Writing image definitions file...\n      - printf '[{\"name\":\"${container_name}\",\"imageUri\":\"%s\"}]' $REPOSITORY_URI:$IMAGE_TAG \u003e imagedefinitions.json\n    \nartifacts:\n  files: imagedefinitions.json\n",
                            "vars.%": "5",
                            "vars.cluster_name": "ciclic",
                            "vars.container_name": "micro-api",
                            "vars.region": "us-east-1",
                            "vars.repository_url": "122093380323.dkr.ecr.us-east-1.amazonaws.com/ciclic",
                            "vars.security_group_ids": "subnet-0b0c348e686575334,subnet-0a5bc24760e09cc30"
                        },
                        "meta": {},
                        "tainted": false
                    },
                    "deposed": [],
                    "provider": "provider.template"
                },
                "data.template_file.codebuild_policy": {
                    "type": "template_file",
                    "depends_on": [
                        "aws_s3_bucket.source"
                    ],
                    "primary": {
                        "id": "6f138c16319f4015a0431da507ab5cf709652cc4083749c1cc55465dc12b3e51",
                        "attributes": {
                            "id": "6f138c16319f4015a0431da507ab5cf709652cc4083749c1cc55465dc12b3e51",
                            "rendered": "{\n    \"Version\": \"2012-10-17\",\n    \"Statement\": [\n      {\n        \"Effect\": \"Allow\",\n        \"Resource\": [\n          \"*\"\n        ],\n        \"Action\": [\n          \"logs:CreateLogGroup\",\n          \"logs:CreateLogStream\",\n          \"logs:PutLogEvents\",\n          \"ecr:GetAuthorizationToken\",\n          \"ecr:InitiateLayerUpload\",\n          \"ecr:UploadLayerPart\",\n          \"ecr:CompleteLayerUpload\",\n          \"ecr:BatchCheckLayerAvailability\",\n          \"ecr:PutImage\",\n          \"ecs:RunTask\",\n          \"iam:PassRole\"\n        ]\n      },\n      {\n        \"Effect\":\"Allow\",\n        \"Action\": [\n          \"s3:GetObject\",\n          \"s3:GetObjectVersion\",\n          \"s3:GetBucketVersioning\",\n          \"s3:List*\",\n          \"s3:PutObject\"\n        ],\n        \"Resource\": [\n          \"arn:aws:s3:::ciclic-pipeline\",\n          \"arn:aws:s3:::ciclic-pipeline/*\"\n        ]\n      }\n    ]\n  }",
                            "template": "{\n    \"Version\": \"2012-10-17\",\n    \"Statement\": [\n      {\n        \"Effect\": \"Allow\",\n        \"Resource\": [\n          \"*\"\n        ],\n        \"Action\": [\n          \"logs:CreateLogGroup\",\n          \"logs:CreateLogStream\",\n          \"logs:PutLogEvents\",\n          \"ecr:GetAuthorizationToken\",\n          \"ecr:InitiateLayerUpload\",\n          \"ecr:UploadLayerPart\",\n          \"ecr:CompleteLayerUpload\",\n          \"ecr:BatchCheckLayerAvailability\",\n          \"ecr:PutImage\",\n          \"ecs:RunTask\",\n          \"iam:PassRole\"\n        ]\n      },\n      {\n        \"Effect\":\"Allow\",\n        \"Action\": [\n          \"s3:GetObject\",\n          \"s3:GetObjectVersion\",\n          \"s3:GetBucketVersioning\",\n          \"s3:List*\",\n          \"s3:PutObject\"\n        ],\n        \"Resource\": [\n          \"${aws_s3_bucket_arn}\",\n          \"${aws_s3_bucket_arn}/*\"\n        ]\n      }\n    ]\n  }",
                            "vars.%": "1",
                            "vars.aws_s3_bucket_arn": "arn:aws:s3:::ciclic-pipeline"
                        },
                        "meta": {},
                        "tainted": false
                    },
                    "deposed": [],
                    "provider": "provider.template"
                },
                "data.template_file.codepipeline_policy": {
                    "type": "template_file",
                    "depends_on": [
                        "aws_s3_bucket.source"
                    ],
                    "primary": {
                        "id": "aaee6326acabc03eefccd522138fd00c80b11bb6af3ca70d629cf26191042a4b",
                        "attributes": {
                            "id": "aaee6326acabc03eefccd522138fd00c80b11bb6af3ca70d629cf26191042a4b",
                            "rendered": "{\n    \"Version\": \"2012-10-17\",\n    \"Statement\": [\n      {\n        \"Effect\":\"Allow\",\n        \"Action\": [\n          \"s3:GetObject\",\n          \"s3:GetObjectVersion\",\n          \"s3:GetBucketVersioning\",\n          \"s3:List*\",\n          \"s3:PutObject\"\n        ],\n        \"Resource\": [\n          \"arn:aws:s3:::ciclic-pipeline\",\n          \"arn:aws:s3:::ciclic-pipeline/*\"\n        ]\n      },\n      {\n        \"Effect\": \"Allow\",\n        \"Action\": [\n          \"codebuild:BatchGetBuilds\",\n          \"codebuild:StartBuild\"\n        ],\n        \"Resource\": \"*\"\n      },\n      {\n        \"Action\": [\n          \"ecs:*\",\n          \"events:DescribeRule\",\n          \"events:DeleteRule\",\n          \"events:ListRuleNamesByTarget\",\n          \"events:ListTargetsByRule\",\n          \"events:PutRule\",\n          \"events:PutTargets\",\n          \"events:RemoveTargets\",\n          \"iam:ListAttachedRolePolicies\",\n          \"iam:ListInstanceProfiles\",\n          \"iam:ListRoles\",\n          \"logs:CreateLogGroup\",\n          \"logs:DescribeLogGroups\",\n          \"logs:FilterLogEvents\"\n        ],\n        \"Resource\": \"*\",\n        \"Effect\": \"Allow\"\n      },\n      {\n        \"Action\": \"iam:PassRole\",\n        \"Effect\": \"Allow\",\n        \"Resource\": [\n          \"*\"\n        ],\n        \"Condition\": {\n          \"StringLike\": {\n            \"iam:PassedToService\": \"ecs-tasks.amazonaws.com\"\n          }\n        }\n      },\n      {\n        \"Action\": \"iam:PassRole\",\n        \"Effect\": \"Allow\",\n        \"Resource\": [\n          \"arn:aws:iam::*:role/ecsInstanceRole*\"\n        ],\n        \"Condition\": {\n          \"StringLike\": {\n            \"iam:PassedToService\": [\n              \"ec2.amazonaws.com\",\n              \"ec2.amazonaws.com.cn\"\n            ]\n          }\n        }\n      },\n      {\n        \"Action\": \"iam:PassRole\",\n        \"Effect\": \"Allow\",\n        \"Resource\": [\n          \"arn:aws:iam::*:role/ecsAutoscaleRole*\"\n        ],\n        \"Condition\": {\n          \"StringLike\": {\n            \"iam:PassedToService\": [\n              \"application-autoscaling.amazonaws.com\",\n              \"application-autoscaling.amazonaws.com.cn\"\n            ]\n          }\n        }\n      },\n      {\n        \"Effect\": \"Allow\",\n        \"Action\": \"iam:CreateServiceLinkedRole\",\n        \"Resource\": \"*\",\n        \"Condition\": {\n          \"StringLike\": {\n            \"iam:AWSServiceName\": [\n              \"ecs.amazonaws.com\",\n              \"spot.amazonaws.com\",\n              \"spotfleet.amazonaws.com\"\n            ]\n          }\n        }\n      }\n    ]\n  }",
                            "template": "{\n    \"Version\": \"2012-10-17\",\n    \"Statement\": [\n      {\n        \"Effect\":\"Allow\",\n        \"Action\": [\n          \"s3:GetObject\",\n          \"s3:GetObjectVersion\",\n          \"s3:GetBucketVersioning\",\n          \"s3:List*\",\n          \"s3:PutObject\"\n        ],\n        \"Resource\": [\n          \"${aws_s3_bucket_arn}\",\n          \"${aws_s3_bucket_arn}/*\"\n        ]\n      },\n      {\n        \"Effect\": \"Allow\",\n        \"Action\": [\n          \"codebuild:BatchGetBuilds\",\n          \"codebuild:StartBuild\"\n        ],\n        \"Resource\": \"*\"\n      },\n      {\n        \"Action\": [\n          \"ecs:*\",\n          \"events:DescribeRule\",\n          \"events:DeleteRule\",\n          \"events:ListRuleNamesByTarget\",\n          \"events:ListTargetsByRule\",\n          \"events:PutRule\",\n          \"events:PutTargets\",\n          \"events:RemoveTargets\",\n          \"iam:ListAttachedRolePolicies\",\n          \"iam:ListInstanceProfiles\",\n          \"iam:ListRoles\",\n          \"logs:CreateLogGroup\",\n          \"logs:DescribeLogGroups\",\n          \"logs:FilterLogEvents\"\n        ],\n        \"Resource\": \"*\",\n        \"Effect\": \"Allow\"\n      },\n      {\n        \"Action\": \"iam:PassRole\",\n        \"Effect\": \"Allow\",\n        \"Resource\": [\n          \"*\"\n        ],\n        \"Condition\": {\n          \"StringLike\": {\n            \"iam:PassedToService\": \"ecs-tasks.amazonaws.com\"\n          }\n        }\n      },\n      {\n        \"Action\": \"iam:PassRole\",\n        \"Effect\": \"Allow\",\n        \"Resource\": [\n          \"arn:aws:iam::*:role/ecsInstanceRole*\"\n        ],\n        \"Condition\": {\n          \"StringLike\": {\n            \"iam:PassedToService\": [\n              \"ec2.amazonaws.com\",\n              \"ec2.amazonaws.com.cn\"\n            ]\n          }\n        }\n      },\n      {\n        \"Action\": \"iam:PassRole\",\n        \"Effect\": \"Allow\",\n        \"Resource\": [\n          \"arn:aws:iam::*:role/ecsAutoscaleRole*\"\n        ],\n        \"Condition\": {\n          \"StringLike\": {\n            \"iam:PassedToService\": [\n              \"application-autoscaling.amazonaws.com\",\n              \"application-autoscaling.amazonaws.com.cn\"\n            ]\n          }\n        }\n      },\n      {\n        \"Effect\": \"Allow\",\n        \"Action\": \"iam:CreateServiceLinkedRole\",\n        \"Resource\": \"*\",\n        \"Condition\": {\n          \"StringLike\": {\n            \"iam:AWSServiceName\": [\n              \"ecs.amazonaws.com\",\n              \"spot.amazonaws.com\",\n              \"spotfleet.amazonaws.com\"\n            ]\n          }\n        }\n      }\n    ]\n  }",
                            "vars.%": "1",
                            "vars.aws_s3_bucket_arn": "arn:aws:s3:::ciclic-pipeline"
                        },
                        "meta": {},
                        "tainted": false
                    },
                    "deposed": [],
                    "provider": "provider.template"
                }
            },
            "depends_on": []
        },
        {
            "path": [
                "root",
                "vpc"
            ],
            "outputs": {
                "alb_sg_id": {
                    "sensitive": false,
                    "type": "string",
                    "value": "sg-0fc2d9097bee29922"
                },
                "app_sg_id": {
                    "sensitive": false,
                    "type": "string",
                    "value": "sg-0a154d0c1d8630039"
                },
                "ecs_sg_id": {
                    "sensitive": false,
                    "type": "string",
                    "value": "sg-04c2252ab1f03d530"
                },
                "public_subnet_1a": {
                    "sensitive": false,
                    "type": "list",
                    "value": [
                        "subnet-0b0c348e686575334"
                    ]
                },
                "public_subnet_1b": {
                    "sensitive": false,
                    "type": "list",
                    "value": [
                        "subnet-0a5bc24760e09cc30"
                    ]
                },
                "vpc_id": {
                    "sensitive": false,
                    "type": "string",
                    "value": "vpc-099a9b6b7f7b487a9"
                }
            },
            "resources": {
                "aws_eip.vpc_eip": {
                    "type": "aws_eip",
                    "depends_on": [
                        "aws_internet_gateway.gw"
                    ],
                    "primary": {
                        "id": "eipalloc-003f973622a91f982",
                        "attributes": {
                            "association_id": "",
                            "domain": "vpc",
                            "id": "eipalloc-003f973622a91f982",
                            "instance": "",
                            "network_interface": "",
                            "private_ip": "",
                            "public_ip": "18.205.165.73",
                            "tags.%": "0",
                            "vpc": "true"
                        },
                        "meta": {
                            "e2bfb730-ecaa-11e6-8f88-34363bc7c4c0": {
                                "delete": 180000000000,
                                "read": 900000000000,
                                "update": 300000000000
                            }
                        },
                        "tainted": false
                    },
                    "deposed": [],
                    "provider": "provider.aws"
                },
                "aws_internet_gateway.gw": {
                    "type": "aws_internet_gateway",
                    "depends_on": [
                        "aws_vpc.cluster_vpc"
                    ],
                    "primary": {
                        "id": "igw-0a62f219a30582e9f",
                        "attributes": {
                            "id": "igw-0a62f219a30582e9f",
                            "tags.%": "1",
                            "tags.Name": "InternetGateway",
                            "vpc_id": "vpc-099a9b6b7f7b487a9"
                        },
                        "meta": {},
                        "tainted": false
                    },
                    "deposed": [],
                    "provider": "provider.aws"
                },
                "aws_route.internet_access": {
                    "type": "aws_route",
                    "depends_on": [
                        "aws_internet_gateway.gw",
                        "aws_vpc.cluster_vpc"
                    ],
                    "primary": {
                        "id": "r-rtb-081b5e91a84d53a9f1080289494",
                        "attributes": {
                            "destination_cidr_block": "0.0.0.0/0",
                            "destination_prefix_list_id": "",
                            "egress_only_gateway_id": "",
                            "gateway_id": "igw-0a62f219a30582e9f",
                            "id": "r-rtb-081b5e91a84d53a9f1080289494",
                            "instance_id": "",
                            "instance_owner_id": "",
                            "nat_gateway_id": "",
                            "network_interface_id": "",
                            "origin": "CreateRoute",
                            "route_table_id": "rtb-081b5e91a84d53a9f",
                            "state": "active",
                            "vpc_peering_connection_id": ""
                        },
                        "meta": {
                            "e2bfb730-ecaa-11e6-8f88-34363bc7c4c0": {
                                "create": 120000000000,
                                "delete": 300000000000
                            }
                        },
                        "tainted": false
                    },
                    "deposed": [],
                    "provider": "provider.aws"
                },
                "aws_route_table_association.public_subnet_us_east_1a_association": {
                    "type": "aws_route_table_association",
                    "depends_on": [
                        "aws_subnet.public_subnet_us_east_1a",
                        "aws_vpc.cluster_vpc"
                    ],
                    "primary": {
                        "id": "rtbassoc-0136d13fe415acd3d",
                        "attributes": {
                            "id": "rtbassoc-0136d13fe415acd3d",
                            "route_table_id": "rtb-081b5e91a84d53a9f",
                            "subnet_id": "subnet-0b0c348e686575334"
                        },
                        "meta": {},
                        "tainted": false
                    },
                    "deposed": [],
                    "provider": "provider.aws"
                },
                "aws_route_table_association.public_subnet_us_east_1b_association": {
                    "type": "aws_route_table_association",
                    "depends_on": [
                        "aws_subnet.public_subnet_us_east_1b",
                        "aws_vpc.cluster_vpc"
                    ],
                    "primary": {
                        "id": "rtbassoc-0db43967bc3953e37",
                        "attributes": {
                            "id": "rtbassoc-0db43967bc3953e37",
                            "route_table_id": "rtb-081b5e91a84d53a9f",
                            "subnet_id": "subnet-0a5bc24760e09cc30"
                        },
                        "meta": {},
                        "tainted": false
                    },
                    "deposed": [],
                    "provider": "provider.aws"
                },
                "aws_security_group.alb_sg": {
                    "type": "aws_security_group",
                    "depends_on": [
                        "aws_vpc.cluster_vpc"
                    ],
                    "primary": {
                        "id": "sg-0fc2d9097bee29922",
                        "attributes": {
                            "arn": "arn:aws:ec2:us-east-1:122093380323:security-group/sg-0fc2d9097bee29922",
                            "description": "ALB Security Group",
                            "egress.#": "1",
                            "egress.482069346.cidr_blocks.#": "1",
                            "egress.482069346.cidr_blocks.0": "0.0.0.0/0",
                            "egress.482069346.description": "",
                            "egress.482069346.from_port": "0",
                            "egress.482069346.ipv6_cidr_blocks.#": "0",
                            "egress.482069346.prefix_list_ids.#": "0",
                            "egress.482069346.protocol": "-1",
                            "egress.482069346.security_groups.#": "0",
                            "egress.482069346.self": "false",
                            "egress.482069346.to_port": "0",
                            "id": "sg-0fc2d9097bee29922",
                            "ingress.#": "2",
                            "ingress.2214680975.cidr_blocks.#": "1",
                            "ingress.2214680975.cidr_blocks.0": "0.0.0.0/0",
                            "ingress.2214680975.description": "",
                            "ingress.2214680975.from_port": "80",
                            "ingress.2214680975.ipv6_cidr_blocks.#": "0",
                            "ingress.2214680975.prefix_list_ids.#": "0",
                            "ingress.2214680975.protocol": "tcp",
                            "ingress.2214680975.security_groups.#": "0",
                            "ingress.2214680975.self": "false",
                            "ingress.2214680975.to_port": "80",
                            "ingress.3068409405.cidr_blocks.#": "1",
                            "ingress.3068409405.cidr_blocks.0": "0.0.0.0/0",
                            "ingress.3068409405.description": "",
                            "ingress.3068409405.from_port": "8",
                            "ingress.3068409405.ipv6_cidr_blocks.#": "0",
                            "ingress.3068409405.prefix_list_ids.#": "0",
                            "ingress.3068409405.protocol": "icmp",
                            "ingress.3068409405.security_groups.#": "0",
                            "ingress.3068409405.self": "false",
                            "ingress.3068409405.to_port": "0",
                            "name": "ciclic-alb-sg",
                            "owner_id": "122093380323",
                            "revoke_rules_on_delete": "false",
                            "tags.%": "1",
                            "tags.Name": "ciclic-alb-sg",
                            "vpc_id": "vpc-099a9b6b7f7b487a9"
                        },
                        "meta": {
                            "e2bfb730-ecaa-11e6-8f88-34363bc7c4c0": {
                                "create": 600000000000,
                                "delete": 600000000000
                            },
                            "schema_version": "1"
                        },
                        "tainted": false
                    },
                    "deposed": [],
                    "provider": "provider.aws"
                },
                "aws_security_group.app_sg": {
                    "type": "aws_security_group",
                    "depends_on": [
                        "aws_vpc.cluster_vpc"
                    ],
                    "primary": {
                        "id": "sg-0a154d0c1d8630039",
                        "attributes": {
                            "arn": "arn:aws:ec2:us-east-1:122093380323:security-group/sg-0a154d0c1d8630039",
                            "description": "Default security group to allow inbound/outbound from the VPC",
                            "egress.#": "1",
                            "egress.753360330.cidr_blocks.#": "0",
                            "egress.753360330.description": "",
                            "egress.753360330.from_port": "0",
                            "egress.753360330.ipv6_cidr_blocks.#": "0",
                            "egress.753360330.prefix_list_ids.#": "0",
                            "egress.753360330.protocol": "-1",
                            "egress.753360330.security_groups.#": "0",
                            "egress.753360330.self": "true",
                            "egress.753360330.to_port": "0",
                            "id": "sg-0a154d0c1d8630039",
                            "ingress.#": "1",
                            "ingress.753360330.cidr_blocks.#": "0",
                            "ingress.753360330.description": "",
                            "ingress.753360330.from_port": "0",
                            "ingress.753360330.ipv6_cidr_blocks.#": "0",
                            "ingress.753360330.prefix_list_ids.#": "0",
                            "ingress.753360330.protocol": "-1",
                            "ingress.753360330.security_groups.#": "0",
                            "ingress.753360330.self": "true",
                            "ingress.753360330.to_port": "0",
                            "name": "ciclic-app-sg",
                            "owner_id": "122093380323",
                            "revoke_rules_on_delete": "false",
                            "tags.%": "1",
                            "tags.Environment": "ciclic",
                            "vpc_id": "vpc-099a9b6b7f7b487a9"
                        },
                        "meta": {
                            "e2bfb730-ecaa-11e6-8f88-34363bc7c4c0": {
                                "create": 600000000000,
                                "delete": 600000000000
                            },
                            "schema_version": "1"
                        },
                        "tainted": false
                    },
                    "deposed": [],
                    "provider": "provider.aws"
                },
                "aws_security_group.ecs_sg": {
                    "type": "aws_security_group",
                    "depends_on": [
                        "aws_vpc.cluster_vpc"
                    ],
                    "primary": {
                        "id": "sg-04c2252ab1f03d530",
                        "attributes": {
                            "arn": "arn:aws:ec2:us-east-1:122093380323:security-group/sg-04c2252ab1f03d530",
                            "description": "Allow egress from container",
                            "egress.#": "1",
                            "egress.482069346.cidr_blocks.#": "1",
                            "egress.482069346.cidr_blocks.0": "0.0.0.0/0",
                            "egress.482069346.description": "",
                            "egress.482069346.from_port": "0",
                            "egress.482069346.ipv6_cidr_blocks.#": "0",
                            "egress.482069346.prefix_list_ids.#": "0",
                            "egress.482069346.protocol": "-1",
                            "egress.482069346.security_groups.#": "0",
                            "egress.482069346.self": "false",
                            "egress.482069346.to_port": "0",
                            "id": "sg-04c2252ab1f03d530",
                            "ingress.#": "1",
                            "ingress.3068409405.cidr_blocks.#": "1",
                            "ingress.3068409405.cidr_blocks.0": "0.0.0.0/0",
                            "ingress.3068409405.description": "",
                            "ingress.3068409405.from_port": "8",
                            "ingress.3068409405.ipv6_cidr_blocks.#": "0",
                            "ingress.3068409405.prefix_list_ids.#": "0",
                            "ingress.3068409405.protocol": "icmp",
                            "ingress.3068409405.security_groups.#": "0",
                            "ingress.3068409405.self": "false",
                            "ingress.3068409405.to_port": "0",
                            "name": "ciclic-ecs-service-sg",
                            "owner_id": "122093380323",
                            "revoke_rules_on_delete": "false",
                            "tags.%": "2",
                            "tags.Environment": "ciclic",
                            "tags.Name": "ciclic-ecs-service-sg",
                            "vpc_id": "vpc-099a9b6b7f7b487a9"
                        },
                        "meta": {
                            "e2bfb730-ecaa-11e6-8f88-34363bc7c4c0": {
                                "create": 600000000000,
                                "delete": 600000000000
                            },
                            "schema_version": "1"
                        },
                        "tainted": false
                    },
                    "deposed": [],
                    "provider": "provider.aws"
                },
                "aws_subnet.public_subnet_us_east_1a": {
                    "type": "aws_subnet",
                    "depends_on": [
                        "aws_vpc.cluster_vpc"
                    ],
                    "primary": {
                        "id": "subnet-0b0c348e686575334",
                        "attributes": {
                            "arn": "arn:aws:ec2:us-east-1:122093380323:subnet/subnet-0b0c348e686575334",
                            "assign_ipv6_address_on_creation": "false",
                            "availability_zone": "us-east-1a",
                            "cidr_block": "10.0.0.0/20",
                            "id": "subnet-0b0c348e686575334",
                            "map_public_ip_on_launch": "true",
                            "tags.%": "1",
                            "tags.Name": "cluster-public-subnet-1",
                            "vpc_id": "vpc-099a9b6b7f7b487a9"
                        },
                        "meta": {
                            "schema_version": "1"
                        },
                        "tainted": false
                    },
                    "deposed": [],
                    "provider": "provider.aws"
                },
                "aws_subnet.public_subnet_us_east_1b": {
                    "type": "aws_subnet",
                    "depends_on": [
                        "aws_vpc.cluster_vpc"
                    ],
                    "primary": {
                        "id": "subnet-0a5bc24760e09cc30",
                        "attributes": {
                            "arn": "arn:aws:ec2:us-east-1:122093380323:subnet/subnet-0a5bc24760e09cc30",
                            "assign_ipv6_address_on_creation": "false",
                            "availability_zone": "us-east-1b",
                            "cidr_block": "10.0.16.0/20",
                            "id": "subnet-0a5bc24760e09cc30",
                            "map_public_ip_on_launch": "true",
                            "tags.%": "1",
                            "tags.Name": "cluster-public-subnet-2",
                            "vpc_id": "vpc-099a9b6b7f7b487a9"
                        },
                        "meta": {
                            "schema_version": "1"
                        },
                        "tainted": false
                    },
                    "deposed": [],
                    "provider": "provider.aws"
                },
                "aws_vpc.cluster_vpc": {
                    "type": "aws_vpc",
                    "depends_on": [],
                    "primary": {
                        "id": "vpc-099a9b6b7f7b487a9",
                        "attributes": {
                            "arn": "arn:aws:ec2:us-east-1:122093380323:vpc/vpc-099a9b6b7f7b487a9",
                            "assign_generated_ipv6_cidr_block": "false",
                            "cidr_block": "10.0.0.0/16",
                            "default_network_acl_id": "acl-0fcb14a37f49b91e0",
                            "default_route_table_id": "rtb-081b5e91a84d53a9f",
                            "default_security_group_id": "sg-0e01d7d407ba03afa",
                            "dhcp_options_id": "dopt-b3c9f0ca",
                            "enable_classiclink": "false",
                            "enable_classiclink_dns_support": "false",
                            "enable_dns_hostnames": "true",
                            "enable_dns_support": "true",
                            "id": "vpc-099a9b6b7f7b487a9",
                            "instance_tenancy": "default",
                            "main_route_table_id": "rtb-081b5e91a84d53a9f",
                            "tags.%": "1",
                            "tags.Name": "Cluster VPC"
                        },
                        "meta": {
                            "schema_version": "1"
                        },
                        "tainted": false
                    },
                    "deposed": [],
                    "provider": "provider.aws"
                }
            },
            "depends_on": []
        }
    ]
}
